
Microsoft Visual Studio Solution File, Format Version 12.00
# Visual Studio Version 16
VisualStudioVersion = 16.0.29123.88
MinimumVisualStudioVersion = 10.0.40219.1
Project("{FAE04EC0-301F-11D3-BF4B-00C04F79EFBC}") = "Rebus.RabbitMq45", "Src\Rebus.RabbitMq45.csproj", "{C79814F9-9BF0-479C-8378-55080FD9266C}"
EndProject
Project("{FAE04EC0-301F-11D3-BF4B-00C04F79EFBC}") = "ConsumerTest", "Test\ConsumerTest\ConsumerTest.csproj", "{3FDF5CD9-319F-458D-938F-7FAB31DA2E58}"
EndProject
Project("{FAE04EC0-301F-11D3-BF4B-00C04F79EFBC}") = "Messages", "Test\Messages\Messages.csproj", "{AF8C0AF4-B1E3-46E4-8076-41D33D8A98F9}"
EndProject
Project("{FAE04EC0-301F-11D3-BF4B-00C04F79EFBC}") = "ProducerTest", "Test\ProducerTest\ProducerTest.csproj", "{897DD7CF-092A-484E-B3AE-D2C9F69110DC}"
EndProject
Project("{2150E333-8FDC-42A3-9474-1A3956D46DE8}") = "Test", "Test", "{4A1CF647-7CB1-43AC-98FB-C9022E3AD7B8}"
EndProject
Global
	GlobalSection(SolutionConfigurationPlatforms) = preSolution
		Debug|Any CPU = Debug|Any CPU
		Release|Any CPU = Release|Any CPU
	EndGlobalSection
	GlobalSection(ProjectConfigurationPlatforms) = postSolution
		{C79814F9-9BF0-479C-8378-55080FD9266C}.Debug|Any CPU.ActiveCfg = Debug|Any CPU
		{C79814F9-9BF0-479C-8378-55080FD9266C}.Debug|Any CPU.Build.0 = Debug|Any CPU
		{C79814F9-9BF0-479C-8378-55080FD9266C}.Release|Any CPU.ActiveCfg = Release|Any CPU
		{C79814F9-9BF0-479C-8378-55080FD9266C}.Release|Any CPU.Build.0 = Release|Any CPU
		{3FDF5CD9-319F-458D-938F-7FAB31DA2E58}.Debug|Any CPU.ActiveCfg = Debug|Any CPU
		{3FDF5CD9-319F-458D-938F-7FAB31DA2E58}.Debug|Any CPU.Build.0 = Debug|Any CPU
		{3FDF5CD9-319F-458D-938F-7FAB31DA2E58}.Release|Any CPU.ActiveCfg = Release|Any CPU
		{3FDF5CD9-319F-458D-938F-7FAB31DA2E58}.Release|Any CPU.Build.0 = Release|Any CPU
		{AF8C0AF4-B1E3-46E4-8076-41D33D8A98F9}.Debug|Any CPU.ActiveCfg = Debug|Any CPU
		{AF8C0AF4-B1E3-46E4-8076-41D33D8A98F9}.Debug|Any CPU.Build.0 = Debug|Any CPU
		{AF8C0AF4-B1E3-46E4-8076-41D33D8A98F9}.Release|Any CPU.ActiveCfg = Release|Any CPU
		{AF8C0AF4-B1E3-46E4-8076-41D33D8A98F9}.Release|Any CPU.Build.0 = Release|Any CPU
		{897DD7CF-092A-484E-B3AE-D2C9F69110DC}.Debug|Any CPU.ActiveCfg = Debug|Any CPU
		{897DD7CF-092A-484E-B3AE-D2C9F69110DC}.Debug|Any CPU.Build.0 = Debug|Any CPU
		{897DD7CF-092A-484E-B3AE-D2C9F69110DC}.Release|Any CPU.ActiveCfg = Release|Any CPU
		{897DD7CF-092A-484E-B3AE-D2C9F69110DC}.Release|Any CPU.Build.0 = Release|Any CPU
	EndGlobalSection
	GlobalSection(SolutionProperties) = preSolution
		HideSolutionNode = FALSE
	EndGlobalSection
	GlobalSection(NestedProjects) = preSolution
		{3FDF5CD9-319F-458D-938F-7FAB31DA2E58} = {4A1CF647-7CB1-43AC-98FB-C9022E3AD7B8}
		{AF8C0AF4-B1E3-46E4-8076-41D33D8A98F9} = {4A1CF647-7CB1-43AC-98FB-C9022E3AD7B8}
		{897DD7CF-092A-484E-B3AE-D2C9F69110DC} = {4A1CF647-7CB1-43AC-98FB-C9022E3AD7B8}
	EndGlobalSection
	GlobalSection(ExtensibilityGlobals) = postSolution
		SolutionGuid = {2C449940-F178-4A34-B146-30263FD4BF43}
	EndGlobalSection
EndGlobal
